// !$*UTF8*$!
{
	archiveVersion = 1;
	classes = {
	};
	objectVersion = 46;
	objects = {

/* Begin PBXBuildFile section */
		0085B2539215A81E6354AD76 /* Pods_SWEasyLife.framework in Frameworks */ = {isa = PBXBuildFile; fileRef = 5FFB421F60C59571957757AB /* Pods_SWEasyLife.framework */; };
		2E174C5A1D3B53C2008D0213 /* AppDelegate.swift in Sources */ = {isa = PBXBuildFile; fileRef = 2E174C591D3B53C2008D0213 /* AppDelegate.swift */; };
		2E174C5F1D3B53C2008D0213 /* Main.storyboard in Resources */ = {isa = PBXBuildFile; fileRef = 2E174C5D1D3B53C2008D0213 /* Main.storyboard */; };
		2E174C611D3B53C3008D0213 /* Assets.xcassets in Resources */ = {isa = PBXBuildFile; fileRef = 2E174C601D3B53C3008D0213 /* Assets.xcassets */; };
		2E174C641D3B53C3008D0213 /* LaunchScreen.storyboard in Resources */ = {isa = PBXBuildFile; fileRef = 2E174C621D3B53C3008D0213 /* LaunchScreen.storyboard */; };
		2E174C711D3B5A05008D0213 /* MainTabBarCtrl.swift in Sources */ = {isa = PBXBuildFile; fileRef = 2E174C701D3B5A05008D0213 /* MainTabBarCtrl.swift */; };
		2E174C731D3B5A26008D0213 /* MainNavigationCtrl.swift in Sources */ = {isa = PBXBuildFile; fileRef = 2E174C721D3B5A26008D0213 /* MainNavigationCtrl.swift */; };
		2E174C981D3B5D63008D0213 /* MainCarCtrl.swift in Sources */ = {isa = PBXBuildFile; fileRef = 2E174C971D3B5D63008D0213 /* MainCarCtrl.swift */; };
		2E174C9A1D3B5D93008D0213 /* MainHomeCtrl.swift in Sources */ = {isa = PBXBuildFile; fileRef = 2E174C991D3B5D93008D0213 /* MainHomeCtrl.swift */; };
		2E174C9C1D3B5DB3008D0213 /* MainCategoryCtrl.swift in Sources */ = {isa = PBXBuildFile; fileRef = 2E174C9B1D3B5DB3008D0213 /* MainCategoryCtrl.swift */; };
		2E174C9E1D3B5DC9008D0213 /* MainDMCCtrl.swift in Sources */ = {isa = PBXBuildFile; fileRef = 2E174C9D1D3B5DC9008D0213 /* MainDMCCtrl.swift */; };
		2E174CA01D3B5DE1008D0213 /* MainMyCtrl.swift in Sources */ = {isa = PBXBuildFile; fileRef = 2E174C9F1D3B5DE1008D0213 /* MainMyCtrl.swift */; };
		2E174CAF1D3BC66C008D0213 /* BaseViewController.swift in Sources */ = {isa = PBXBuildFile; fileRef = 2E174CA61D3BC66C008D0213 /* BaseViewController.swift */; };
		2E174CB01D3BC66C008D0213 /* BaseModel.swift in Sources */ = {isa = PBXBuildFile; fileRef = 2E174CA81D3BC66C008D0213 /* BaseModel.swift */; };
		2E174CB11D3BC66C008D0213 /* BaseButton.swift in Sources */ = {isa = PBXBuildFile; fileRef = 2E174CAA1D3BC66C008D0213 /* BaseButton.swift */; };
		2E174CB21D3BC66C008D0213 /* BaseImageView.swift in Sources */ = {isa = PBXBuildFile; fileRef = 2E174CAB1D3BC66C008D0213 /* BaseImageView.swift */; };
		2E174CB31D3BC66C008D0213 /* BaseLable.swift in Sources */ = {isa = PBXBuildFile; fileRef = 2E174CAC1D3BC66C008D0213 /* BaseLable.swift */; };
		2E174CB41D3BC66C008D0213 /* BaseView.swift in Sources */ = {isa = PBXBuildFile; fileRef = 2E174CAD1D3BC66C008D0213 /* BaseView.swift */; };
		2E174CD01D3BC899008D0213 /* icn_dmc_1@2x.png in Resources */ = {isa = PBXBuildFile; fileRef = 2E174CBC1D3BC899008D0213 /* icn_dmc_1@2x.png */; };
		2E174CD11D3BC899008D0213 /* icn_dmc_1@3x.png in Resources */ = {isa = PBXBuildFile; fileRef = 2E174CBD1D3BC899008D0213 /* icn_dmc_1@3x.png */; };
		2E174CD21D3BC899008D0213 /* icn_dmc_2@2x.png in Resources */ = {isa = PBXBuildFile; fileRef = 2E174CBE1D3BC899008D0213 /* icn_dmc_2@2x.png */; };
		2E174CD31D3BC899008D0213 /* icn_dmc_2@3x.png in Resources */ = {isa = PBXBuildFile; fileRef = 2E174CBF1D3BC899008D0213 /* icn_dmc_2@3x.png */; };
		2E174CD41D3BC899008D0213 /* icon_tabBi_1@2x.png in Resources */ = {isa = PBXBuildFile; fileRef = 2E174CC01D3BC899008D0213 /* icon_tabBi_1@2x.png */; };
		2E174CD51D3BC899008D0213 /* icon_tabBi_1@3x.png in Resources */ = {isa = PBXBuildFile; fileRef = 2E174CC11D3BC899008D0213 /* icon_tabBi_1@3x.png */; };
		2E174CD61D3BC899008D0213 /* icon_tabBi_2@2x.png in Resources */ = {isa = PBXBuildFile; fileRef = 2E174CC21D3BC899008D0213 /* icon_tabBi_2@2x.png */; };
		2E174CD71D3BC899008D0213 /* icon_tabBi_2@3x.png in Resources */ = {isa = PBXBuildFile; fileRef = 2E174CC31D3BC899008D0213 /* icon_tabBi_2@3x.png */; };
		2E174CD81D3BC899008D0213 /* icon_tabBuy_1@2x.png in Resources */ = {isa = PBXBuildFile; fileRef = 2E174CC41D3BC899008D0213 /* icon_tabBuy_1@2x.png */; };
		2E174CD91D3BC899008D0213 /* icon_tabBuy_1@3x.png in Resources */ = {isa = PBXBuildFile; fileRef = 2E174CC51D3BC899008D0213 /* icon_tabBuy_1@3x.png */; };
		2E174CDA1D3BC899008D0213 /* icon_tabBuy_2@2x.png in Resources */ = {isa = PBXBuildFile; fileRef = 2E174CC61D3BC899008D0213 /* icon_tabBuy_2@2x.png */; };
		2E174CDB1D3BC899008D0213 /* icon_tabBuy_2@3x.png in Resources */ = {isa = PBXBuildFile; fileRef = 2E174CC71D3BC899008D0213 /* icon_tabBuy_2@3x.png */; };
		2E174CDC1D3BC899008D0213 /* icon_tabHome_1@2x.png in Resources */ = {isa = PBXBuildFile; fileRef = 2E174CC81D3BC899008D0213 /* icon_tabHome_1@2x.png */; };
		2E174CDD1D3BC899008D0213 /* icon_tabHome_1@3x.png in Resources */ = {isa = PBXBuildFile; fileRef = 2E174CC91D3BC899008D0213 /* icon_tabHome_1@3x.png */; };
		2E174CDE1D3BC899008D0213 /* icon_tabHome_2@2x.png in Resources */ = {isa = PBXBuildFile; fileRef = 2E174CCA1D3BC899008D0213 /* icon_tabHome_2@2x.png */; };
		2E174CDF1D3BC899008D0213 /* icon_tabHome_2@3x.png in Resources */ = {isa = PBXBuildFile; fileRef = 2E174CCB1D3BC899008D0213 /* icon_tabHome_2@3x.png */; };
		2E174CE01D3BC899008D0213 /* icon_tabMe_1@2x.png in Resources */ = {isa = PBXBuildFile; fileRef = 2E174CCC1D3BC899008D0213 /* icon_tabMe_1@2x.png */; };
		2E174CE11D3BC899008D0213 /* icon_tabMe_1@3x.png in Resources */ = {isa = PBXBuildFile; fileRef = 2E174CCD1D3BC899008D0213 /* icon_tabMe_1@3x.png */; };
		2E174CE21D3BC899008D0213 /* icon_tabMe_2@2x.png in Resources */ = {isa = PBXBuildFile; fileRef = 2E174CCE1D3BC899008D0213 /* icon_tabMe_2@2x.png */; };
		2E174CE31D3BC899008D0213 /* icon_tabMe_2@3x.png in Resources */ = {isa = PBXBuildFile; fileRef = 2E174CCF1D3BC899008D0213 /* icon_tabMe_2@3x.png */; };
		2E5E82921D4328BB0019E0A2 /* ELBannerView.swift in Sources */ = {isa = PBXBuildFile; fileRef = 2E5E82911D4328BB0019E0A2 /* ELBannerView.swift */; };
		2E5E82961D4331380019E0A2 /* BaseCollectionView.swift in Sources */ = {isa = PBXBuildFile; fileRef = 2E5E82951D4331380019E0A2 /* BaseCollectionView.swift */; };
		2E5E82981D4331570019E0A2 /* ELCollectionView.swift in Sources */ = {isa = PBXBuildFile; fileRef = 2E5E82971D4331570019E0A2 /* ELCollectionView.swift */; };
		2E5E82CC1D43E1E90019E0A2 /* 1.jpg in Resources */ = {isa = PBXBuildFile; fileRef = 2E5E82CB1D43E1E90019E0A2 /* 1.jpg */; };
		2E5E82CE1D43E1F30019E0A2 /* 2.jpg in Resources */ = {isa = PBXBuildFile; fileRef = 2E5E82CD1D43E1F30019E0A2 /* 2.jpg */; };
		2E5E82D01D43E1FB0019E0A2 /* 3.jpg in Resources */ = {isa = PBXBuildFile; fileRef = 2E5E82CF1D43E1FB0019E0A2 /* 3.jpg */; };
		2E5E82D21D43E2030019E0A2 /* 4.jpg in Resources */ = {isa = PBXBuildFile; fileRef = 2E5E82D11D43E2030019E0A2 /* 4.jpg */; };
		2E5E82D61D43E2160019E0A2 /* 6.jpg in Resources */ = {isa = PBXBuildFile; fileRef = 2E5E82D51D43E2160019E0A2 /* 6.jpg */; };
		2E5E82D81D43E2320019E0A2 /* 7.jpg in Resources */ = {isa = PBXBuildFile; fileRef = 2E5E82D71D43E2320019E0A2 /* 7.jpg */; };
		2E5E82DA1D43E23A0019E0A2 /* 8.jpg in Resources */ = {isa = PBXBuildFile; fileRef = 2E5E82D91D43E23A0019E0A2 /* 8.jpg */; };
		2E5E82DC1D43E2430019E0A2 /* 9.jpg in Resources */ = {isa = PBXBuildFile; fileRef = 2E5E82DB1D43E2430019E0A2 /* 9.jpg */; };
		2E5E82DE1D43E24C0019E0A2 /* 10.jpg in Resources */ = {isa = PBXBuildFile; fileRef = 2E5E82DD1D43E24C0019E0A2 /* 10.jpg */; };
		2E5E82E01D43E2560019E0A2 /* 11.jpg in Resources */ = {isa = PBXBuildFile; fileRef = 2E5E82DF1D43E2560019E0A2 /* 11.jpg */; };
		2E5E82E21D43E25E0019E0A2 /* 12.jpg in Resources */ = {isa = PBXBuildFile; fileRef = 2E5E82E11D43E25E0019E0A2 /* 12.jpg */; };
		2E5E82E41D43E26A0019E0A2 /* 13.jpg in Resources */ = {isa = PBXBuildFile; fileRef = 2E5E82E31D43E26A0019E0A2 /* 13.jpg */; };
		2E5E82E61D43E2720019E0A2 /* 14.jpg in Resources */ = {isa = PBXBuildFile; fileRef = 2E5E82E51D43E2720019E0A2 /* 14.jpg */; };
		2E5E82E81D43E27B0019E0A2 /* 15.jpg in Resources */ = {isa = PBXBuildFile; fileRef = 2E5E82E71D43E27B0019E0A2 /* 15.jpg */; };
		2E5E82EA1D43E2830019E0A2 /* 16.jpg in Resources */ = {isa = PBXBuildFile; fileRef = 2E5E82E91D43E2830019E0A2 /* 16.jpg */; };
		2E5E82EC1D43E28B0019E0A2 /* 17.jpg in Resources */ = {isa = PBXBuildFile; fileRef = 2E5E82EB1D43E28B0019E0A2 /* 17.jpg */; };
		2E5E82EE1D43E2930019E0A2 /* 18.jpg in Resources */ = {isa = PBXBuildFile; fileRef = 2E5E82ED1D43E2930019E0A2 /* 18.jpg */; };
		2E5E82F01D43E29B0019E0A2 /* 19.jpg in Resources */ = {isa = PBXBuildFile; fileRef = 2E5E82EF1D43E29B0019E0A2 /* 19.jpg */; };
		2E5E82F21D43E2A40019E0A2 /* 20.jpg in Resources */ = {isa = PBXBuildFile; fileRef = 2E5E82F11D43E2A40019E0A2 /* 20.jpg */; };
		2E5E82F41D43E3780019E0A2 /* 5.jpg in Resources */ = {isa = PBXBuildFile; fileRef = 2E5E82F31D43E3780019E0A2 /* 5.jpg */; };
		2E5E82F91D446B860019E0A2 /* BaseScrollView.swift in Sources */ = {isa = PBXBuildFile; fileRef = 2E5E82F81D446B860019E0A2 /* BaseScrollView.swift */; };
		2E5E82FB1D4474C30019E0A2 /* HomeAdverModel.swift in Sources */ = {isa = PBXBuildFile; fileRef = 2E5E82FA1D4474C30019E0A2 /* HomeAdverModel.swift */; };
		46A70CBB1D45D536005A5EA5 /* CategroyFirst.plist in Resources */ = {isa = PBXBuildFile; fileRef = 46A70CBA1D45D536005A5EA5 /* CategroyFirst.plist */; };
		46A70CBD1D45D54E005A5EA5 /* CategorySecond.plist in Resources */ = {isa = PBXBuildFile; fileRef = 46A70CBC1D45D54E005A5EA5 /* CategorySecond.plist */; };
		46A70CBF1D45F1F9005A5EA5 /* ELHttpRequest.swift in Sources */ = {isa = PBXBuildFile; fileRef = 46A70CBE1D45F1F9005A5EA5 /* ELHttpRequest.swift */; };
		46AE6E611D45CED80024CF7D /* ELCategoryModel.swift in Sources */ = {isa = PBXBuildFile; fileRef = 46AE6E601D45CED80024CF7D /* ELCategoryModel.swift */; };
		46E016491D3F4DE2001C4BE0 /* Home.plist in Resources */ = {isa = PBXBuildFile; fileRef = 46E016481D3F4DE2001C4BE0 /* Home.plist */; };
		46E0164B1D3F5E64001C4BE0 /* BaseTableView.swift in Sources */ = {isa = PBXBuildFile; fileRef = 46E0164A1D3F5E64001C4BE0 /* BaseTableView.swift */; };
		46E016531D3F6062001C4BE0 /* ELHomeMainTableView.swift in Sources */ = {isa = PBXBuildFile; fileRef = 46E016521D3F6062001C4BE0 /* ELHomeMainTableView.swift */; };
		46E016571D3F60C8001C4BE0 /* ELMainCategoryView.swift in Sources */ = {isa = PBXBuildFile; fileRef = 46E016561D3F60C8001C4BE0 /* ELMainCategoryView.swift */; };
		46E016591D3F60F9001C4BE0 /* ELMainCategoryModel.swift in Sources */ = {isa = PBXBuildFile; fileRef = 46E016581D3F60F9001C4BE0 /* ELMainCategoryModel.swift */; };
		46E0165B1D3F6148001C4BE0 /* ELMainDMCModel.swift in Sources */ = {isa = PBXBuildFile; fileRef = 46E0165A1D3F6148001C4BE0 /* ELMainDMCModel.swift */; };
		46E0165D1D3F616E001C4BE0 /* ELMainDMCView.swift in Sources */ = {isa = PBXBuildFile; fileRef = 46E0165C1D3F616E001C4BE0 /* ELMainDMCView.swift */; };
		46E0165F1D3F618A001C4BE0 /* ELMainHomeView.swift in Sources */ = {isa = PBXBuildFile; fileRef = 46E0165E1D3F618A001C4BE0 /* ELMainHomeView.swift */; };
		46E016611D3F61C0001C4BE0 /* ELMainCarModel.swift in Sources */ = {isa = PBXBuildFile; fileRef = 46E016601D3F61C0001C4BE0 /* ELMainCarModel.swift */; };
		46E016631D3F61D5001C4BE0 /* ELMainCarView.swift in Sources */ = {isa = PBXBuildFile; fileRef = 46E016621D3F61D5001C4BE0 /* ELMainCarView.swift */; };
		46E016651D3F6202001C4BE0 /* ELMainMyModel.swift in Sources */ = {isa = PBXBuildFile; fileRef = 46E016641D3F6202001C4BE0 /* ELMainMyModel.swift */; };
		46E016671D3F6214001C4BE0 /* ELMainMyView.swift in Sources */ = {isa = PBXBuildFile; fileRef = 46E016661D3F6214001C4BE0 /* ELMainMyView.swift */; };
		46E0166C1D3F69B9001C4BE0 /* PublicMacro.swift in Sources */ = {isa = PBXBuildFile; fileRef = 46E0166B1D3F69B9001C4BE0 /* PublicMacro.swift */; };
/* End PBXBuildFile section */

/* Begin PBXFileReference section */
		06882DCEED35796C715295FF /* Pods-SWEasyLife.release.xcconfig */ = {isa = PBXFileReference; includeInIndex = 1; lastKnownFileType = text.xcconfig; name = "Pods-SWEasyLife.release.xcconfig"; path = "Pods/Target Support Files/Pods-SWEasyLife/Pods-SWEasyLife.release.xcconfig"; sourceTree = "<group>"; };
		2E174C561D3B53C2008D0213 /* SWEasyLife.app */ = {isa = PBXFileReference; explicitFileType = wrapper.application; includeInIndex = 0; path = SWEasyLife.app; sourceTree = BUILT_PRODUCTS_DIR; };
		2E174C591D3B53C2008D0213 /* AppDelegate.swift */ = {isa = PBXFileReference; lastKnownFileType = sourcecode.swift; path = AppDelegate.swift; sourceTree = "<group>"; };
		2E174C5E1D3B53C2008D0213 /* Base */ = {isa = PBXFileReference; lastKnownFileType = file.storyboard; name = Base; path = Base.lproj/Main.storyboard; sourceTree = "<group>"; };
		2E174C601D3B53C3008D0213 /* Assets.xcassets */ = {isa = PBXFileReference; lastKnownFileType = folder.assetcatalog; path = Assets.xcassets; sourceTree = "<group>"; };
		2E174C631D3B53C3008D0213 /* Base */ = {isa = PBXFileReference; lastKnownFileType = file.storyboard; name = Base; path = Base.lproj/LaunchScreen.storyboard; sourceTree = "<group>"; };
		2E174C651D3B53C3008D0213 /* Info.plist */ = {isa = PBXFileReference; lastKnownFileType = text.plist.xml; path = Info.plist; sourceTree = "<group>"; };
		2E174C701D3B5A05008D0213 /* MainTabBarCtrl.swift */ = {isa = PBXFileReference; fileEncoding = 4; lastKnownFileType = sourcecode.swift; path = MainTabBarCtrl.swift; sourceTree = "<group>"; };
		2E174C721D3B5A26008D0213 /* MainNavigationCtrl.swift */ = {isa = PBXFileReference; fileEncoding = 4; lastKnownFileType = sourcecode.swift; path = MainNavigationCtrl.swift; sourceTree = "<group>"; };
		2E174C971D3B5D63008D0213 /* MainCarCtrl.swift */ = {isa = PBXFileReference; fileEncoding = 4; lastKnownFileType = sourcecode.swift; path = MainCarCtrl.swift; sourceTree = "<group>"; };
		2E174C991D3B5D93008D0213 /* MainHomeCtrl.swift */ = {isa = PBXFileReference; fileEncoding = 4; lastKnownFileType = sourcecode.swift; path = MainHomeCtrl.swift; sourceTree = "<group>"; };
		2E174C9B1D3B5DB3008D0213 /* MainCategoryCtrl.swift */ = {isa = PBXFileReference; fileEncoding = 4; lastKnownFileType = sourcecode.swift; path = MainCategoryCtrl.swift; sourceTree = "<group>"; };
		2E174C9D1D3B5DC9008D0213 /* MainDMCCtrl.swift */ = {isa = PBXFileReference; fileEncoding = 4; lastKnownFileType = sourcecode.swift; path = MainDMCCtrl.swift; sourceTree = "<group>"; };
		2E174C9F1D3B5DE1008D0213 /* MainMyCtrl.swift */ = {isa = PBXFileReference; fileEncoding = 4; lastKnownFileType = sourcecode.swift; path = MainMyCtrl.swift; sourceTree = "<group>"; };
		2E174CA61D3BC66C008D0213 /* BaseViewController.swift */ = {isa = PBXFileReference; fileEncoding = 4; lastKnownFileType = sourcecode.swift; path = BaseViewController.swift; sourceTree = "<group>"; };
		2E174CA81D3BC66C008D0213 /* BaseModel.swift */ = {isa = PBXFileReference; fileEncoding = 4; lastKnownFileType = sourcecode.swift; path = BaseModel.swift; sourceTree = "<group>"; };
		2E174CAA1D3BC66C008D0213 /* BaseButton.swift */ = {isa = PBXFileReference; fileEncoding = 4; lastKnownFileType = sourcecode.swift; path = BaseButton.swift; sourceTree = "<group>"; };
		2E174CAB1D3BC66C008D0213 /* BaseImageView.swift */ = {isa = PBXFileReference; fileEncoding = 4; lastKnownFileType = sourcecode.swift; path = BaseImageView.swift; sourceTree = "<group>"; };
		2E174CAC1D3BC66C008D0213 /* BaseLable.swift */ = {isa = PBXFileReference; fileEncoding = 4; lastKnownFileType = sourcecode.swift; path = BaseLable.swift; sourceTree = "<group>"; };
		2E174CAD1D3BC66C008D0213 /* BaseView.swift */ = {isa = PBXFileReference; fileEncoding = 4; lastKnownFileType = sourcecode.swift; path = BaseView.swift; sourceTree = "<group>"; };
		2E174CBC1D3BC899008D0213 /* icn_dmc_1@2x.png */ = {isa = PBXFileReference; lastKnownFileType = image.png; path = "icn_dmc_1@2x.png"; sourceTree = "<group>"; };
		2E174CBD1D3BC899008D0213 /* icn_dmc_1@3x.png */ = {isa = PBXFileReference; lastKnownFileType = image.png; path = "icn_dmc_1@3x.png"; sourceTree = "<group>"; };
		2E174CBE1D3BC899008D0213 /* icn_dmc_2@2x.png */ = {isa = PBXFileReference; lastKnownFileType = image.png; path = "icn_dmc_2@2x.png"; sourceTree = "<group>"; };
		2E174CBF1D3BC899008D0213 /* icn_dmc_2@3x.png */ = {isa = PBXFileReference; lastKnownFileType = image.png; path = "icn_dmc_2@3x.png"; sourceTree = "<group>"; };
		2E174CC01D3BC899008D0213 /* icon_tabBi_1@2x.png */ = {isa = PBXFileReference; lastKnownFileType = image.png; path = "icon_tabBi_1@2x.png"; sourceTree = "<group>"; };
		2E174CC11D3BC899008D0213 /* icon_tabBi_1@3x.png */ = {isa = PBXFileReference; lastKnownFileType = image.png; path = "icon_tabBi_1@3x.png"; sourceTree = "<group>"; };
		2E174CC21D3BC899008D0213 /* icon_tabBi_2@2x.png */ = {isa = PBXFileReference; lastKnownFileType = image.png; path = "icon_tabBi_2@2x.png"; sourceTree = "<group>"; };
		2E174CC31D3BC899008D0213 /* icon_tabBi_2@3x.png */ = {isa = PBXFileReference; lastKnownFileType = image.png; path = "icon_tabBi_2@3x.png"; sourceTree = "<group>"; };
		2E174CC41D3BC899008D0213 /* icon_tabBuy_1@2x.png */ = {isa = PBXFileReference; lastKnownFileType = image.png; path = "icon_tabBuy_1@2x.png"; sourceTree = "<group>"; };
		2E174CC51D3BC899008D0213 /* icon_tabBuy_1@3x.png */ = {isa = PBXFileReference; lastKnownFileType = image.png; path = "icon_tabBuy_1@3x.png"; sourceTree = "<group>"; };
		2E174CC61D3BC899008D0213 /* icon_tabBuy_2@2x.png */ = {isa = PBXFileReference; lastKnownFileType = image.png; path = "icon_tabBuy_2@2x.png"; sourceTree = "<group>"; };
		2E174CC71D3BC899008D0213 /* icon_tabBuy_2@3x.png */ = {isa = PBXFileReference; lastKnownFileType = image.png; path = "icon_tabBuy_2@3x.png"; sourceTree = "<group>"; };
		2E174CC81D3BC899008D0213 /* icon_tabHome_1@2x.png */ = {isa = PBXFileReference; lastKnownFileType = image.png; path = "icon_tabHome_1@2x.png"; sourceTree = "<group>"; };
		2E174CC91D3BC899008D0213 /* icon_tabHome_1@3x.png */ = {isa = PBXFileReference; lastKnownFileType = image.png; path = "icon_tabHome_1@3x.png"; sourceTree = "<group>"; };
		2E174CCA1D3BC899008D0213 /* icon_tabHome_2@2x.png */ = {isa = PBXFileReference; lastKnownFileType = image.png; path = "icon_tabHome_2@2x.png"; sourceTree = "<group>"; };
		2E174CCB1D3BC899008D0213 /* icon_tabHome_2@3x.png */ = {isa = PBXFileReference; lastKnownFileType = image.png; path = "icon_tabHome_2@3x.png"; sourceTree = "<group>"; };
		2E174CCC1D3BC899008D0213 /* icon_tabMe_1@2x.png */ = {isa = PBXFileReference; lastKnownFileType = image.png; path = "icon_tabMe_1@2x.png"; sourceTree = "<group>"; };
		2E174CCD1D3BC899008D0213 /* icon_tabMe_1@3x.png */ = {isa = PBXFileReference; lastKnownFileType = image.png; path = "icon_tabMe_1@3x.png"; sourceTree = "<group>"; };
		2E174CCE1D3BC899008D0213 /* icon_tabMe_2@2x.png */ = {isa = PBXFileReference; lastKnownFileType = image.png; path = "icon_tabMe_2@2x.png"; sourceTree = "<group>"; };
		2E174CCF1D3BC899008D0213 /* icon_tabMe_2@3x.png */ = {isa = PBXFileReference; lastKnownFileType = image.png; path = "icon_tabMe_2@3x.png"; sourceTree = "<group>"; };
		2E5E82911D4328BB0019E0A2 /* ELBannerView.swift */ = {isa = PBXFileReference; fileEncoding = 4; lastKnownFileType = sourcecode.swift; path = ELBannerView.swift; sourceTree = "<group>"; };
		2E5E82951D4331380019E0A2 /* BaseCollectionView.swift */ = {isa = PBXFileReference; fileEncoding = 4; lastKnownFileType = sourcecode.swift; path = BaseCollectionView.swift; sourceTree = "<group>"; };
		2E5E82971D4331570019E0A2 /* ELCollectionView.swift */ = {isa = PBXFileReference; fileEncoding = 4; lastKnownFileType = sourcecode.swift; path = ELCollectionView.swift; sourceTree = "<group>"; };
		2E5E82CB1D43E1E90019E0A2 /* 1.jpg */ = {isa = PBXFileReference; lastKnownFileType = image.jpeg; path = 1.jpg; sourceTree = "<group>"; };
		2E5E82CD1D43E1F30019E0A2 /* 2.jpg */ = {isa = PBXFileReference; lastKnownFileType = image.jpeg; path = 2.jpg; sourceTree = "<group>"; };
		2E5E82CF1D43E1FB0019E0A2 /* 3.jpg */ = {isa = PBXFileReference; lastKnownFileType = image.jpeg; path = 3.jpg; sourceTree = "<group>"; };
		2E5E82D11D43E2030019E0A2 /* 4.jpg */ = {isa = PBXFileReference; lastKnownFileType = image.jpeg; path = 4.jpg; sourceTree = "<group>"; };
		2E5E82D51D43E2160019E0A2 /* 6.jpg */ = {isa = PBXFileReference; lastKnownFileType = image.jpeg; path = 6.jpg; sourceTree = "<group>"; };
		2E5E82D71D43E2320019E0A2 /* 7.jpg */ = {isa = PBXFileReference; lastKnownFileType = image.jpeg; path = 7.jpg; sourceTree = "<group>"; };
		2E5E82D91D43E23A0019E0A2 /* 8.jpg */ = {isa = PBXFileReference; lastKnownFileType = image.jpeg; path = 8.jpg; sourceTree = "<group>"; };
		2E5E82DB1D43E2430019E0A2 /* 9.jpg */ = {isa = PBXFileReference; lastKnownFileType = image.jpeg; path = 9.jpg; sourceTree = "<group>"; };
		2E5E82DD1D43E24C0019E0A2 /* 10.jpg */ = {isa = PBXFileReference; lastKnownFileType = image.jpeg; path = 10.jpg; sourceTree = "<group>"; };
		2E5E82DF1D43E2560019E0A2 /* 11.jpg */ = {isa = PBXFileReference; lastKnownFileType = image.jpeg; path = 11.jpg; sourceTree = "<group>"; };
		2E5E82E11D43E25E0019E0A2 /* 12.jpg */ = {isa = PBXFileReference; lastKnownFileType = image.jpeg; path = 12.jpg; sourceTree = "<group>"; };
		2E5E82E31D43E26A0019E0A2 /* 13.jpg */ = {isa = PBXFileReference; lastKnownFileType = image.jpeg; path = 13.jpg; sourceTree = "<group>"; };
		2E5E82E51D43E2720019E0A2 /* 14.jpg */ = {isa = PBXFileReference; lastKnownFileType = image.jpeg; path = 14.jpg; sourceTree = "<group>"; };
		2E5E82E71D43E27B0019E0A2 /* 15.jpg */ = {isa = PBXFileReference; lastKnownFileType = image.jpeg; path = 15.jpg; sourceTree = "<group>"; };
		2E5E82E91D43E2830019E0A2 /* 16.jpg */ = {isa = PBXFileReference; lastKnownFileType = image.jpeg; path = 16.jpg; sourceTree = "<group>"; };
		2E5E82EB1D43E28B0019E0A2 /* 17.jpg */ = {isa = PBXFileReference; lastKnownFileType = image.jpeg; path = 17.jpg; sourceTree = "<group>"; };
		2E5E82ED1D43E2930019E0A2 /* 18.jpg */ = {isa = PBXFileReference; lastKnownFileType = image.jpeg; path = 18.jpg; sourceTree = "<group>"; };
		2E5E82EF1D43E29B0019E0A2 /* 19.jpg */ = {isa = PBXFileReference; lastKnownFileType = image.jpeg; path = 19.jpg; sourceTree = "<group>"; };
		2E5E82F11D43E2A40019E0A2 /* 20.jpg */ = {isa = PBXFileReference; lastKnownFileType = image.jpeg; path = 20.jpg; sourceTree = "<group>"; };
		2E5E82F31D43E3780019E0A2 /* 5.jpg */ = {isa = PBXFileReference; lastKnownFileType = image.jpeg; path = 5.jpg; sourceTree = "<group>"; };
		2E5E82F81D446B860019E0A2 /* BaseScrollView.swift */ = {isa = PBXFileReference; fileEncoding = 4; lastKnownFileType = sourcecode.swift; path = BaseScrollView.swift; sourceTree = "<group>"; };
		2E5E82FA1D4474C30019E0A2 /* HomeAdverModel.swift */ = {isa = PBXFileReference; fileEncoding = 4; lastKnownFileType = sourcecode.swift; path = HomeAdverModel.swift; sourceTree = "<group>"; };
		46A70CBA1D45D536005A5EA5 /* CategroyFirst.plist */ = {isa = PBXFileReference; fileEncoding = 4; lastKnownFileType = text.plist.xml; path = CategroyFirst.plist; sourceTree = "<group>"; };
		46A70CBC1D45D54E005A5EA5 /* CategorySecond.plist */ = {isa = PBXFileReference; fileEncoding = 4; lastKnownFileType = text.plist.xml; path = CategorySecond.plist; sourceTree = "<group>"; };
		46A70CBE1D45F1F9005A5EA5 /* ELHttpRequest.swift */ = {isa = PBXFileReference; fileEncoding = 4; lastKnownFileType = sourcecode.swift; path = ELHttpRequest.swift; sourceTree = "<group>"; };
		46AE6E601D45CED80024CF7D /* ELCategoryModel.swift */ = {isa = PBXFileReference; fileEncoding = 4; lastKnownFileType = sourcecode.swift; path = ELCategoryModel.swift; sourceTree = "<group>"; };
		46E016481D3F4DE2001C4BE0 /* Home.plist */ = {isa = PBXFileReference; fileEncoding = 4; lastKnownFileType = text.plist.xml; path = Home.plist; sourceTree = "<group>"; };
		46E0164A1D3F5E64001C4BE0 /* BaseTableView.swift */ = {isa = PBXFileReference; fileEncoding = 4; lastKnownFileType = sourcecode.swift; path = BaseTableView.swift; sourceTree = "<group>"; };
		46E016521D3F6062001C4BE0 /* ELHomeMainTableView.swift */ = {isa = PBXFileReference; fileEncoding = 4; lastKnownFileType = sourcecode.swift; path = ELHomeMainTableView.swift; sourceTree = "<group>"; };
		46E016561D3F60C8001C4BE0 /* ELMainCategoryView.swift */ = {isa = PBXFileReference; fileEncoding = 4; lastKnownFileType = sourcecode.swift; name = ELMainCategoryView.swift; path = SWEasyLife/Components/Main/MainCategory/CategoryView/ELMainCategoryView.swift; sourceTree = SOURCE_ROOT; };
		46E016581D3F60F9001C4BE0 /* ELMainCategoryModel.swift */ = {isa = PBXFileReference; fileEncoding = 4; lastKnownFileType = sourcecode.swift; path = ELMainCategoryModel.swift; sourceTree = "<group>"; };
		46E0165A1D3F6148001C4BE0 /* ELMainDMCModel.swift */ = {isa = PBXFileReference; fileEncoding = 4; lastKnownFileType = sourcecode.swift; path = ELMainDMCModel.swift; sourceTree = "<group>"; };
		46E0165C1D3F616E001C4BE0 /* ELMainDMCView.swift */ = {isa = PBXFileReference; fileEncoding = 4; lastKnownFileType = sourcecode.swift; path = ELMainDMCView.swift; sourceTree = "<group>"; };
		46E0165E1D3F618A001C4BE0 /* ELMainHomeView.swift */ = {isa = PBXFileReference; fileEncoding = 4; lastKnownFileType = sourcecode.swift; path = ELMainHomeView.swift; sourceTree = "<group>"; };
		46E016601D3F61C0001C4BE0 /* ELMainCarModel.swift */ = {isa = PBXFileReference; fileEncoding = 4; lastKnownFileType = sourcecode.swift; path = ELMainCarModel.swift; sourceTree = "<group>"; };
		46E016621D3F61D5001C4BE0 /* ELMainCarView.swift */ = {isa = PBXFileReference; fileEncoding = 4; lastKnownFileType = sourcecode.swift; path = ELMainCarView.swift; sourceTree = "<group>"; };
		46E016641D3F6202001C4BE0 /* ELMainMyModel.swift */ = {isa = PBXFileReference; fileEncoding = 4; lastKnownFileType = sourcecode.swift; path = ELMainMyModel.swift; sourceTree = "<group>"; };
		46E016661D3F6214001C4BE0 /* ELMainMyView.swift */ = {isa = PBXFileReference; fileEncoding = 4; lastKnownFileType = sourcecode.swift; path = ELMainMyView.swift; sourceTree = "<group>"; };
		46E016691D3F641A001C4BE0 /* SWEasyLifeHeader.h */ = {isa = PBXFileReference; fileEncoding = 4; lastKnownFileType = sourcecode.c.h; path = SWEasyLifeHeader.h; sourceTree = "<group>"; };
		46E0166B1D3F69B9001C4BE0 /* PublicMacro.swift */ = {isa = PBXFileReference; fileEncoding = 4; lastKnownFileType = sourcecode.swift; path = PublicMacro.swift; sourceTree = "<group>"; };
		52B36C4CD9BB87387C98715A /* Pods-SWEasyLife.debug.xcconfig */ = {isa = PBXFileReference; includeInIndex = 1; lastKnownFileType = text.xcconfig; name = "Pods-SWEasyLife.debug.xcconfig"; path = "Pods/Target Support Files/Pods-SWEasyLife/Pods-SWEasyLife.debug.xcconfig"; sourceTree = "<group>"; };
		5FFB421F60C59571957757AB /* Pods_SWEasyLife.framework */ = {isa = PBXFileReference; explicitFileType = wrapper.framework; includeInIndex = 0; path = Pods_SWEasyLife.framework; sourceTree = BUILT_PRODUCTS_DIR; };
/* End PBXFileReference section */

/* Begin PBXFrameworksBuildPhase section */
		2E174C531D3B53C2008D0213 /* Frameworks */ = {
			isa = PBXFrameworksBuildPhase;
			buildActionMask = 2147483647;
			files = (
				0085B2539215A81E6354AD76 /* Pods_SWEasyLife.framework in Frameworks */,
			);
			runOnlyForDeploymentPostprocessing = 0;
		};
/* End PBXFrameworksBuildPhase section */

/* Begin PBXGroup section */
		0AADEED156596E5CCD998832 /* Frameworks */ = {
			isa = PBXGroup;
			children = (
				5FFB421F60C59571957757AB /* Pods_SWEasyLife.framework */,
			);
			name = Frameworks;
			sourceTree = "<group>";
		};
		2E174C4D1D3B53C2008D0213 = {
			isa = PBXGroup;
			children = (
				2E174C581D3B53C2008D0213 /* SWEasyLife */,
				2E174C571D3B53C2008D0213 /* Products */,
				9E1E9724C35C601C13C87204 /* Pods */,
				0AADEED156596E5CCD998832 /* Frameworks */,
			);
			sourceTree = "<group>";
		};
		2E174C571D3B53C2008D0213 /* Products */ = {
			isa = PBXGroup;
			children = (
				2E174C561D3B53C2008D0213 /* SWEasyLife.app */,
			);
			name = Products;
			sourceTree = "<group>";
		};
		2E174C581D3B53C2008D0213 /* SWEasyLife */ = {
			isa = PBXGroup;
			children = (
				46E016461D3F4D8E001C4BE0 /* DataPlist */,
				2E174CB51D3BC744008D0213 /* Resources */,
				2E174C6B1D3B59B6008D0213 /* Components */,
				2E174C591D3B53C2008D0213 /* AppDelegate.swift */,
				2E174C701D3B5A05008D0213 /* MainTabBarCtrl.swift */,
				2E174C721D3B5A26008D0213 /* MainNavigationCtrl.swift */,
				46E016691D3F641A001C4BE0 /* SWEasyLifeHeader.h */,
				46E0166B1D3F69B9001C4BE0 /* PublicMacro.swift */,
				2E174C5D1D3B53C2008D0213 /* Main.storyboard */,
				2E174C601D3B53C3008D0213 /* Assets.xcassets */,
				2E174C621D3B53C3008D0213 /* LaunchScreen.storyboard */,
				2E174C651D3B53C3008D0213 /* Info.plist */,
			);
			path = SWEasyLife;
			sourceTree = "<group>";
		};
		2E174C6B1D3B59B6008D0213 /* Components */ = {
			isa = PBXGroup;
			children = (
				2E174C6D1D3B59B6008D0213 /* Main */,
				2E174C6C1D3B59B6008D0213 /* Extension */,
				2E174C6E1D3B59B6008D0213 /* SelfLibs */,
				2E174C6F1D3B59B6008D0213 /* ThirdLibs */,
			);
			path = Components;
			sourceTree = "<group>";
		};
		2E174C6C1D3B59B6008D0213 /* Extension */ = {
			isa = PBXGroup;
			children = (
			);
			path = Extension;
			sourceTree = "<group>";
		};
		2E174C6D1D3B59B6008D0213 /* Main */ = {
			isa = PBXGroup;
			children = (
				2E174C771D3B5A88008D0213 /* MainHome */,
				2E174C751D3B5A88008D0213 /* MainCategory */,
				2E174C761D3B5A88008D0213 /* MainDMC */,
				2E174C741D3B5A88008D0213 /* MainCar */,
				2E174C781D3B5A88008D0213 /* MainMy */,
			);
			path = Main;
			sourceTree = "<group>";
		};
		2E174C6E1D3B59B6008D0213 /* SelfLibs */ = {
			isa = PBXGroup;
			children = (
				2E5E828B1D4327C60019E0A2 /* SelfPublic */,
				2E174CA41D3BC66C008D0213 /* Base */,
				2E174CAE1D3BC66C008D0213 /* HttpRequest */,
			);
			path = SelfLibs;
			sourceTree = "<group>";
		};
		2E174C6F1D3B59B6008D0213 /* ThirdLibs */ = {
			isa = PBXGroup;
			children = (
			);
			path = ThirdLibs;
			sourceTree = "<group>";
		};
		2E174C741D3B5A88008D0213 /* MainCar */ = {
			isa = PBXGroup;
			children = (
				2E174C881D3B5CDB008D0213 /* CarCtrl */,
				2E174C891D3B5CDB008D0213 /* CarModel */,
				2E174C8A1D3B5CDB008D0213 /* CarView */,
			);
			path = MainCar;
			sourceTree = "<group>";
		};
		2E174C751D3B5A88008D0213 /* MainCategory */ = {
			isa = PBXGroup;
			children = (
				46E016541D3F608C001C4BE0 /* CategoryModel */,
				46E016551D3F608C001C4BE0 /* CategoryView */,
				2E174C8B1D3B5CE7008D0213 /* CategoryCtrl */,
			);
			path = MainCategory;
			sourceTree = "<group>";
		};
		2E174C761D3B5A88008D0213 /* MainDMC */ = {
			isa = PBXGroup;
			children = (
				2E174C8E1D3B5CEF008D0213 /* DMCCtrl */,
				2E174C8F1D3B5CEF008D0213 /* DMCModel */,
				2E174C901D3B5CEF008D0213 /* DMCView */,
			);
			path = MainDMC;
			sourceTree = "<group>";
		};
		2E174C771D3B5A88008D0213 /* MainHome */ = {
			isa = PBXGroup;
			children = (
				46E0164E1D3F601D001C4BE0 /* HomeModel */,
				46E016511D3F6028001C4BE0 /* HomeView */,
				2E174C911D3B5CF8008D0213 /* HomeCtrl */,
			);
			path = MainHome;
			sourceTree = "<group>";
		};
		2E174C781D3B5A88008D0213 /* MainMy */ = {
			isa = PBXGroup;
			children = (
				2E174C941D3B5D01008D0213 /* MyCtrl */,
				2E174C951D3B5D01008D0213 /* MyModel */,
				2E174C961D3B5D01008D0213 /* MyView */,
			);
			path = MainMy;
			sourceTree = "<group>";
		};
		2E174C881D3B5CDB008D0213 /* CarCtrl */ = {
			isa = PBXGroup;
			children = (
				2E174C971D3B5D63008D0213 /* MainCarCtrl.swift */,
			);
			path = CarCtrl;
			sourceTree = "<group>";
		};
		2E174C891D3B5CDB008D0213 /* CarModel */ = {
			isa = PBXGroup;
			children = (
				46E016601D3F61C0001C4BE0 /* ELMainCarModel.swift */,
			);
			path = CarModel;
			sourceTree = "<group>";
		};
		2E174C8A1D3B5CDB008D0213 /* CarView */ = {
			isa = PBXGroup;
			children = (
				46E016621D3F61D5001C4BE0 /* ELMainCarView.swift */,
			);
			path = CarView;
			sourceTree = "<group>";
		};
		2E174C8B1D3B5CE7008D0213 /* CategoryCtrl */ = {
			isa = PBXGroup;
			children = (
				2E174C9B1D3B5DB3008D0213 /* MainCategoryCtrl.swift */,
			);
			path = CategoryCtrl;
			sourceTree = "<group>";
		};
		2E174C8E1D3B5CEF008D0213 /* DMCCtrl */ = {
			isa = PBXGroup;
			children = (
				2E174C9D1D3B5DC9008D0213 /* MainDMCCtrl.swift */,
			);
			path = DMCCtrl;
			sourceTree = "<group>";
		};
		2E174C8F1D3B5CEF008D0213 /* DMCModel */ = {
			isa = PBXGroup;
			children = (
				46E0165A1D3F6148001C4BE0 /* ELMainDMCModel.swift */,
			);
			path = DMCModel;
			sourceTree = "<group>";
		};
		2E174C901D3B5CEF008D0213 /* DMCView */ = {
			isa = PBXGroup;
			children = (
				46E0165C1D3F616E001C4BE0 /* ELMainDMCView.swift */,
			);
			path = DMCView;
			sourceTree = "<group>";
		};
		2E174C911D3B5CF8008D0213 /* HomeCtrl */ = {
			isa = PBXGroup;
			children = (
				2E174C991D3B5D93008D0213 /* MainHomeCtrl.swift */,
			);
			path = HomeCtrl;
			sourceTree = "<group>";
		};
		2E174C941D3B5D01008D0213 /* MyCtrl */ = {
			isa = PBXGroup;
			children = (
				2E174C9F1D3B5DE1008D0213 /* MainMyCtrl.swift */,
			);
			path = MyCtrl;
			sourceTree = "<group>";
		};
		2E174C951D3B5D01008D0213 /* MyModel */ = {
			isa = PBXGroup;
			children = (
				46E016641D3F6202001C4BE0 /* ELMainMyModel.swift */,
			);
			path = MyModel;
			sourceTree = "<group>";
		};
		2E174C961D3B5D01008D0213 /* MyView */ = {
			isa = PBXGroup;
			children = (
				46E016661D3F6214001C4BE0 /* ELMainMyView.swift */,
			);
			path = MyView;
			sourceTree = "<group>";
		};
		2E174CA41D3BC66C008D0213 /* Base */ = {
			isa = PBXGroup;
			children = (
				2E174CA51D3BC66C008D0213 /* SelfCtrl */,
				2E174CA71D3BC66C008D0213 /* SelfModel */,
				2E174CA91D3BC66C008D0213 /* SelfView */,
			);
			path = Base;
			sourceTree = "<group>";
		};
		2E174CA51D3BC66C008D0213 /* SelfCtrl */ = {
			isa = PBXGroup;
			children = (
				2E174CA61D3BC66C008D0213 /* BaseViewController.swift */,
			);
			path = SelfCtrl;
			sourceTree = "<group>";
		};
		2E174CA71D3BC66C008D0213 /* SelfModel */ = {
			isa = PBXGroup;
			children = (
				2E174CA81D3BC66C008D0213 /* BaseModel.swift */,
			);
			path = SelfModel;
			sourceTree = "<group>";
		};
		2E174CA91D3BC66C008D0213 /* SelfView */ = {
			isa = PBXGroup;
			children = (
				2E174CAA1D3BC66C008D0213 /* BaseButton.swift */,
				2E174CAB1D3BC66C008D0213 /* BaseImageView.swift */,
				2E174CAC1D3BC66C008D0213 /* BaseLable.swift */,
				2E174CAD1D3BC66C008D0213 /* BaseView.swift */,
				46E0164A1D3F5E64001C4BE0 /* BaseTableView.swift */,
				2E5E82951D4331380019E0A2 /* BaseCollectionView.swift */,
				2E5E82F81D446B860019E0A2 /* BaseScrollView.swift */,
			);
			path = SelfView;
			sourceTree = "<group>";
		};
		2E174CAE1D3BC66C008D0213 /* HttpRequest */ = {
			isa = PBXGroup;
			children = (
				46A70CBE1D45F1F9005A5EA5 /* ELHttpRequest.swift */,
			);
			path = HttpRequest;
			sourceTree = "<group>";
		};
		2E174CB51D3BC744008D0213 /* Resources */ = {
			isa = PBXGroup;
			children = (
				2E174CBB1D3BC85C008D0213 /* Tabbar */,
				2E174CB61D3BC7EE008D0213 /* ResourcesCar */,
				2E174CB71D3BC7EE008D0213 /* ResourcesCategory */,
				2E174CB81D3BC7EE008D0213 /* ResourcesDMC */,
				2E174CB91D3BC7EE008D0213 /* ResourcesHome */,
				2E174CBA1D3BC7EE008D0213 /* ResourcesMy */,
			);
			name = Resources;
			path = Components/Resources;
			sourceTree = "<group>";
		};
		2E174CB61D3BC7EE008D0213 /* ResourcesCar */ = {
			isa = PBXGroup;
			children = (
			);
			path = ResourcesCar;
			sourceTree = "<group>";
		};
		2E174CB71D3BC7EE008D0213 /* ResourcesCategory */ = {
			isa = PBXGroup;
			children = (
			);
			path = ResourcesCategory;
			sourceTree = "<group>";
		};
		2E174CB81D3BC7EE008D0213 /* ResourcesDMC */ = {
			isa = PBXGroup;
			children = (
				2E5E82F31D43E3780019E0A2 /* 5.jpg */,
				2E5E82CB1D43E1E90019E0A2 /* 1.jpg */,
				2E5E82CD1D43E1F30019E0A2 /* 2.jpg */,
				2E5E82CF1D43E1FB0019E0A2 /* 3.jpg */,
				2E5E82D11D43E2030019E0A2 /* 4.jpg */,
				2E5E82D51D43E2160019E0A2 /* 6.jpg */,
				2E5E82D71D43E2320019E0A2 /* 7.jpg */,
				2E5E82D91D43E23A0019E0A2 /* 8.jpg */,
				2E5E82DB1D43E2430019E0A2 /* 9.jpg */,
				2E5E82DD1D43E24C0019E0A2 /* 10.jpg */,
				2E5E82DF1D43E2560019E0A2 /* 11.jpg */,
				2E5E82E11D43E25E0019E0A2 /* 12.jpg */,
				2E5E82E31D43E26A0019E0A2 /* 13.jpg */,
				2E5E82E51D43E2720019E0A2 /* 14.jpg */,
				2E5E82E71D43E27B0019E0A2 /* 15.jpg */,
				2E5E82E91D43E2830019E0A2 /* 16.jpg */,
				2E5E82EB1D43E28B0019E0A2 /* 17.jpg */,
				2E5E82ED1D43E2930019E0A2 /* 18.jpg */,
				2E5E82EF1D43E29B0019E0A2 /* 19.jpg */,
				2E5E82F11D43E2A40019E0A2 /* 20.jpg */,
			);
			path = ResourcesDMC;
			sourceTree = "<group>";
		};
		2E174CB91D3BC7EE008D0213 /* ResourcesHome */ = {
			isa = PBXGroup;
			children = (
			);
			path = ResourcesHome;
			sourceTree = "<group>";
		};
		2E174CBA1D3BC7EE008D0213 /* ResourcesMy */ = {
			isa = PBXGroup;
			children = (
			);
			path = ResourcesMy;
			sourceTree = "<group>";
		};
		2E174CBB1D3BC85C008D0213 /* Tabbar */ = {
			isa = PBXGroup;
			children = (
				2E174CBC1D3BC899008D0213 /* icn_dmc_1@2x.png */,
				2E174CBD1D3BC899008D0213 /* icn_dmc_1@3x.png */,
				2E174CBE1D3BC899008D0213 /* icn_dmc_2@2x.png */,
				2E174CBF1D3BC899008D0213 /* icn_dmc_2@3x.png */,
				2E174CC01D3BC899008D0213 /* icon_tabBi_1@2x.png */,
				2E174CC11D3BC899008D0213 /* icon_tabBi_1@3x.png */,
				2E174CC21D3BC899008D0213 /* icon_tabBi_2@2x.png */,
				2E174CC31D3BC899008D0213 /* icon_tabBi_2@3x.png */,
				2E174CC41D3BC899008D0213 /* icon_tabBuy_1@2x.png */,
				2E174CC51D3BC899008D0213 /* icon_tabBuy_1@3x.png */,
				2E174CC61D3BC899008D0213 /* icon_tabBuy_2@2x.png */,
				2E174CC71D3BC899008D0213 /* icon_tabBuy_2@3x.png */,
				2E174CC81D3BC899008D0213 /* icon_tabHome_1@2x.png */,
				2E174CC91D3BC899008D0213 /* icon_tabHome_1@3x.png */,
				2E174CCA1D3BC899008D0213 /* icon_tabHome_2@2x.png */,
				2E174CCB1D3BC899008D0213 /* icon_tabHome_2@3x.png */,
				2E174CCC1D3BC899008D0213 /* icon_tabMe_1@2x.png */,
				2E174CCD1D3BC899008D0213 /* icon_tabMe_1@3x.png */,
				2E174CCE1D3BC899008D0213 /* icon_tabMe_2@2x.png */,
				2E174CCF1D3BC899008D0213 /* icon_tabMe_2@3x.png */,
			);
			path = Tabbar;
			sourceTree = "<group>";
		};
		2E5E828B1D4327C60019E0A2 /* SelfPublic */ = {
			isa = PBXGroup;
			children = (
				2E5E82911D4328BB0019E0A2 /* ELBannerView.swift */,
				2E5E82971D4331570019E0A2 /* ELCollectionView.swift */,
			);
			path = SelfPublic;
			sourceTree = "<group>";
		};
		46E016461D3F4D8E001C4BE0 /* DataPlist */ = {
			isa = PBXGroup;
			children = (
				46E016471D3F4DC7001C4BE0 /* HomePlist */,
			);
			name = DataPlist;
			path = Components/DataPlist;
			sourceTree = "<group>";
		};
		46E016471D3F4DC7001C4BE0 /* HomePlist */ = {
			isa = PBXGroup;
			children = (
				46E016481D3F4DE2001C4BE0 /* Home.plist */,
				46A70CBA1D45D536005A5EA5 /* CategroyFirst.plist */,
				46A70CBC1D45D54E005A5EA5 /* CategorySecond.plist */,
			);
			path = HomePlist;
			sourceTree = "<group>";
		};
		46E0164E1D3F601D001C4BE0 /* HomeModel */ = {
			isa = PBXGroup;
			children = (
				2E5E82FA1D4474C30019E0A2 /* HomeAdverModel.swift */,
			);
			path = HomeModel;
			sourceTree = "<group>";
		};
		46E016511D3F6028001C4BE0 /* HomeView */ = {
			isa = PBXGroup;
			children = (
				46E016521D3F6062001C4BE0 /* ELHomeMainTableView.swift */,
				46E0165E1D3F618A001C4BE0 /* ELMainHomeView.swift */,
			);
			path = HomeView;
			sourceTree = "<group>";
		};
		46E016541D3F608C001C4BE0 /* CategoryModel */ = {
			isa = PBXGroup;
			children = (
				46E016581D3F60F9001C4BE0 /* ELMainCategoryModel.swift */,
				46AE6E601D45CED80024CF7D /* ELCategoryModel.swift */,
			);
			path = CategoryModel;
			sourceTree = "<group>";
		};
		46E016551D3F608C001C4BE0 /* CategoryView */ = {
			isa = PBXGroup;
			children = (
				46E016561D3F60C8001C4BE0 /* ELMainCategoryView.swift */,
			);
			path = CategoryView;
			sourceTree = "<group>";
		};
		9E1E9724C35C601C13C87204 /* Pods */ = {
			isa = PBXGroup;
			children = (
				52B36C4CD9BB87387C98715A /* Pods-SWEasyLife.debug.xcconfig */,
				06882DCEED35796C715295FF /* Pods-SWEasyLife.release.xcconfig */,
			);
			name = Pods;
			sourceTree = "<group>";
		};
/* End PBXGroup section */

/* Begin PBXNativeTarget section */
		2E174C551D3B53C2008D0213 /* SWEasyLife */ = {
			isa = PBXNativeTarget;
			buildConfigurationList = 2E174C681D3B53C3008D0213 /* Build configuration list for PBXNativeTarget "SWEasyLife" */;
			buildPhases = (
				4CC8BDC94B1F591E8F4C343D /* [CP] Check Pods Manifest.lock */,
				2E174C521D3B53C2008D0213 /* Sources */,
				2E174C531D3B53C2008D0213 /* Frameworks */,
				2E174C541D3B53C2008D0213 /* Resources */,
				C3E68B433B48C7926EC23590 /* [CP] Embed Pods Frameworks */,
				BC4B98CE28386423F7848C67 /* [CP] Copy Pods Resources */,
			);
			buildRules = (
			);
			dependencies = (
			);
			name = SWEasyLife;
			productName = SWEasyLife;
			productReference = 2E174C561D3B53C2008D0213 /* SWEasyLife.app */;
			productType = "com.apple.product-type.application";
		};
/* End PBXNativeTarget section */

/* Begin PBXProject section */
		2E174C4E1D3B53C2008D0213 /* Project object */ = {
			isa = PBXProject;
			attributes = {
				LastSwiftUpdateCheck = 0730;
				LastUpgradeCheck = 0730;
				ORGANIZATIONNAME = ox;
				TargetAttributes = {
					2E174C551D3B53C2008D0213 = {
						CreatedOnToolsVersion = 7.3;
					};
				};
			};
			buildConfigurationList = 2E174C511D3B53C2008D0213 /* Build configuration list for PBXProject "SWEasyLife" */;
			compatibilityVersion = "Xcode 3.2";
			developmentRegion = English;
			hasScannedForEncodings = 0;
			knownRegions = (
				en,
				Base,
			);
			mainGroup = 2E174C4D1D3B53C2008D0213;
			productRefGroup = 2E174C571D3B53C2008D0213 /* Products */;
			projectDirPath = "";
			projectRoot = "";
			targets = (
				2E174C551D3B53C2008D0213 /* SWEasyLife */,
			);
		};
/* End PBXProject section */

/* Begin PBXResourcesBuildPhase section */
		2E174C541D3B53C2008D0213 /* Resources */ = {
			isa = PBXResourcesBuildPhase;
			buildActionMask = 2147483647;
			files = (
				2E174CE21D3BC899008D0213 /* icon_tabMe_2@2x.png in Resources */,
				2E5E82F21D43E2A40019E0A2 /* 20.jpg in Resources */,
				2E5E82E41D43E26A0019E0A2 /* 13.jpg in Resources */,
				2E174CD81D3BC899008D0213 /* icon_tabBuy_1@2x.png in Resources */,
				2E174CDE1D3BC899008D0213 /* icon_tabHome_2@2x.png in Resources */,
				2E174CD11D3BC899008D0213 /* icn_dmc_1@3x.png in Resources */,
				2E5E82EC1D43E28B0019E0A2 /* 17.jpg in Resources */,
				2E174CE11D3BC899008D0213 /* icon_tabMe_1@3x.png in Resources */,
				2E174CD61D3BC899008D0213 /* icon_tabBi_2@2x.png in Resources */,
				2E174CDA1D3BC899008D0213 /* icon_tabBuy_2@2x.png in Resources */,
				2E174CD51D3BC899008D0213 /* icon_tabBi_1@3x.png in Resources */,
				2E5E82D21D43E2030019E0A2 /* 4.jpg in Resources */,
				2E174CD31D3BC899008D0213 /* icn_dmc_2@3x.png in Resources */,
				2E5E82E61D43E2720019E0A2 /* 14.jpg in Resources */,
				2E5E82D01D43E1FB0019E0A2 /* 3.jpg in Resources */,
				2E5E82EA1D43E2830019E0A2 /* 16.jpg in Resources */,
				2E174CD41D3BC899008D0213 /* icon_tabBi_1@2x.png in Resources */,
				2E174CDF1D3BC899008D0213 /* icon_tabHome_2@3x.png in Resources */,
				2E5E82DC1D43E2430019E0A2 /* 9.jpg in Resources */,
				2E174CDB1D3BC899008D0213 /* icon_tabBuy_2@3x.png in Resources */,
				2E174CD71D3BC899008D0213 /* icon_tabBi_2@3x.png in Resources */,
				2E174C641D3B53C3008D0213 /* LaunchScreen.storyboard in Resources */,
				2E5E82CC1D43E1E90019E0A2 /* 1.jpg in Resources */,
				2E174CDC1D3BC899008D0213 /* icon_tabHome_1@2x.png in Resources */,
				2E174CE01D3BC899008D0213 /* icon_tabMe_1@2x.png in Resources */,
				2E174C611D3B53C3008D0213 /* Assets.xcassets in Resources */,
				2E174CDD1D3BC899008D0213 /* icon_tabHome_1@3x.png in Resources */,
				2E174CD01D3BC899008D0213 /* icn_dmc_1@2x.png in Resources */,
				2E5E82E81D43E27B0019E0A2 /* 15.jpg in Resources */,
				2E174CE31D3BC899008D0213 /* icon_tabMe_2@3x.png in Resources */,
				2E5E82D61D43E2160019E0A2 /* 6.jpg in Resources */,
				2E5E82DE1D43E24C0019E0A2 /* 10.jpg in Resources */,
				46A70CBB1D45D536005A5EA5 /* CategroyFirst.plist in Resources */,
				2E174CD91D3BC899008D0213 /* icon_tabBuy_1@3x.png in Resources */,
				46A70CBD1D45D54E005A5EA5 /* CategorySecond.plist in Resources */,
				2E5E82F41D43E3780019E0A2 /* 5.jpg in Resources */,
				2E5E82DA1D43E23A0019E0A2 /* 8.jpg in Resources */,
				2E5E82CE1D43E1F30019E0A2 /* 2.jpg in Resources */,
				46E016491D3F4DE2001C4BE0 /* Home.plist in Resources */,
				2E5E82E21D43E25E0019E0A2 /* 12.jpg in Resources */,
				2E5E82D81D43E2320019E0A2 /* 7.jpg in Resources */,
				2E5E82F01D43E29B0019E0A2 /* 19.jpg in Resources */,
				2E174C5F1D3B53C2008D0213 /* Main.storyboard in Resources */,
				2E174CD21D3BC899008D0213 /* icn_dmc_2@2x.png in Resources */,
				2E5E82EE1D43E2930019E0A2 /* 18.jpg in Resources */,
				2E5E82E01D43E2560019E0A2 /* 11.jpg in Resources */,
			);
			runOnlyForDeploymentPostprocessing = 0;
		};
/* End PBXResourcesBuildPhase section */

/* Begin PBXShellScriptBuildPhase section */
		4CC8BDC94B1F591E8F4C343D /* [CP] Check Pods Manifest.lock */ = {
			isa = PBXShellScriptBuildPhase;
			buildActionMask = 2147483647;
			files = (
			);
			inputPaths = (
			);
			name = "[CP] Check Pods Manifest.lock";
			outputPaths = (
			);
			runOnlyForDeploymentPostprocessing = 0;
			shellPath = /bin/sh;
			shellScript = "diff \"${PODS_ROOT}/../Podfile.lock\" \"${PODS_ROOT}/Manifest.lock\" > /dev/null\nif [[ $? != 0 ]] ; then\n    cat << EOM\nerror: The sandbox is not in sync with the Podfile.lock. Run 'pod install' or update your CocoaPods installation.\nEOM\n    exit 1\nfi\n";
			showEnvVarsInLog = 0;
		};
		BC4B98CE28386423F7848C67 /* [CP] Copy Pods Resources */ = {
			isa = PBXShellScriptBuildPhase;
			buildActionMask = 2147483647;
			files = (
			);
			inputPaths = (
			);
			name = "[CP] Copy Pods Resources";
			outputPaths = (
			);
			runOnlyForDeploymentPostprocessing = 0;
			shellPath = /bin/sh;
			shellScript = "\"${SRCROOT}/Pods/Target Support Files/Pods-SWEasyLife/Pods-SWEasyLife-resources.sh\"\n";
			showEnvVarsInLog = 0;
		};
		C3E68B433B48C7926EC23590 /* [CP] Embed Pods Frameworks */ = {
			isa = PBXShellScriptBuildPhase;
			buildActionMask = 2147483647;
			files = (
			);
			inputPaths = (
			);
			name = "[CP] Embed Pods Frameworks";
			outputPaths = (
			);
			runOnlyForDeploymentPostprocessing = 0;
			shellPath = /bin/sh;
			shellScript = "\"${SRCROOT}/Pods/Target Support Files/Pods-SWEasyLife/Pods-SWEasyLife-frameworks.sh\"\n";
			showEnvVarsInLog = 0;
		};
/* End PBXShellScriptBuildPhase section */

/* Begin PBXSourcesBuildPhase section */
		2E174C521D3B53C2008D0213 /* Sources */ = {
			isa = PBXSourcesBuildPhase;
			buildActionMask = 2147483647;
			files = (
				2E174C9A1D3B5D93008D0213 /* MainHomeCtrl.swift in Sources */,
				46E0165F1D3F618A001C4BE0 /* ELMainHomeView.swift in Sources */,
				2E5E82F91D446B860019E0A2 /* BaseScrollView.swift in Sources */,
				2E174C5A1D3B53C2008D0213 /* AppDelegate.swift in Sources */,
				2E174C981D3B5D63008D0213 /* MainCarCtrl.swift in Sources */,
				2E174C9E1D3B5DC9008D0213 /* MainDMCCtrl.swift in Sources */,
				46E0164B1D3F5E64001C4BE0 /* BaseTableView.swift in Sources */,
				2E174CB01D3BC66C008D0213 /* BaseModel.swift in Sources */,
				46E016531D3F6062001C4BE0 /* ELHomeMainTableView.swift in Sources */,
				2E174CB11D3BC66C008D0213 /* BaseButton.swift in Sources */,
				46E0166C1D3F69B9001C4BE0 /* PublicMacro.swift in Sources */,
				2E174C731D3B5A26008D0213 /* MainNavigationCtrl.swift in Sources */,
				46E016571D3F60C8001C4BE0 /* ELMainCategoryView.swift in Sources */,
				46E0165D1D3F616E001C4BE0 /* ELMainDMCView.swift in Sources */,
				2E174CB21D3BC66C008D0213 /* BaseImageView.swift in Sources */,
				2E5E82981D4331570019E0A2 /* ELCollectionView.swift in Sources */,
				46AE6E611D45CED80024CF7D /* ELCategoryModel.swift in Sources */,
				2E174CAF1D3BC66C008D0213 /* BaseViewController.swift in Sources */,
				2E174CA01D3B5DE1008D0213 /* MainMyCtrl.swift in Sources */,
				46E016611D3F61C0001C4BE0 /* ELMainCarModel.swift in Sources */,
				2E5E82FB1D4474C30019E0A2 /* HomeAdverModel.swift in Sources */,
				2E174CB31D3BC66C008D0213 /* BaseLable.swift in Sources */,
				46E016671D3F6214001C4BE0 /* ELMainMyView.swift in Sources */,
				2E174CB41D3BC66C008D0213 /* BaseView.swift in Sources */,
				46A70CBF1D45F1F9005A5EA5 /* ELHttpRequest.swift in Sources */,
				46E016591D3F60F9001C4BE0 /* ELMainCategoryModel.swift in Sources */,
				2E174C711D3B5A05008D0213 /* MainTabBarCtrl.swift in Sources */,
				2E5E82921D4328BB0019E0A2 /* ELBannerView.swift in Sources */,
				46E016631D3F61D5001C4BE0 /* ELMainCarView.swift in Sources */,
				2E5E82961D4331380019E0A2 /* BaseCollectionView.swift in Sources */,
				46E0165B1D3F6148001C4BE0 /* ELMainDMCModel.swift in Sources */,
				46E016651D3F6202001C4BE0 /* ELMainMyModel.swift in Sources */,
				2E174C9C1D3B5DB3008D0213 /* MainCategoryCtrl.swift in Sources */,
			);
			runOnlyForDeploymentPostprocessing = 0;
		};
/* End PBXSourcesBuildPhase section */

/* Begin PBXVariantGroup section */
		2E174C5D1D3B53C2008D0213 /* Main.storyboard */ = {
			isa = PBXVariantGroup;
			children = (
				2E174C5E1D3B53C2008D0213 /* Base */,
			);
			name = Main.storyboard;
			sourceTree = "<group>";
		};
		2E174C621D3B53C3008D0213 /* LaunchScreen.storyboard */ = {
			isa = PBXVariantGroup;
			children = (
				2E174C631D3B53C3008D0213 /* Base */,
			);
			name = LaunchScreen.storyboard;
			sourceTree = "<group>";
		};
/* End PBXVariantGroup section */

/* Begin XCBuildConfiguration section */
		2E174C661D3B53C3008D0213 /* Debug */ = {
			isa = XCBuildConfiguration;
			buildSettings = {
				ALWAYS_SEARCH_USER_PATHS = NO;
				CLANG_ANALYZER_NONNULL = YES;
				CLANG_CXX_LANGUAGE_STANDARD = "gnu++0x";
				CLANG_CXX_LIBRARY = "libc++";
				CLANG_ENABLE_MODULES = YES;
				CLANG_ENABLE_OBJC_ARC = YES;
				CLANG_WARN_BOOL_CONVERSION = YES;
				CLANG_WARN_CONSTANT_CONVERSION = YES;
				CLANG_WARN_DIRECT_OBJC_ISA_USAGE = YES_ERROR;
				CLANG_WARN_EMPTY_BODY = YES;
				CLANG_WARN_ENUM_CONVERSION = YES;
				CLANG_WARN_INT_CONVERSION = YES;
				CLANG_WARN_OBJC_ROOT_CLASS = YES_ERROR;
				CLANG_WARN_UNREACHABLE_CODE = YES;
				CLANG_WARN__DUPLICATE_METHOD_MATCH = YES;
				"CODE_SIGN_IDENTITY[sdk=iphoneos*]" = "iPhone Developer";
				COPY_PHASE_STRIP = NO;
				DEBUG_INFORMATION_FORMAT = dwarf;
				ENABLE_STRICT_OBJC_MSGSEND = YES;
				ENABLE_TESTABILITY = YES;
				GCC_C_LANGUAGE_STANDARD = gnu99;
				GCC_DYNAMIC_NO_PIC = NO;
				GCC_NO_COMMON_BLOCKS = YES;
				GCC_OPTIMIZATION_LEVEL = 0;
				GCC_PREPROCESSOR_DEFINITIONS = (
					"DEBUG=1",
					"$(inherited)",
				);
				GCC_WARN_64_TO_32_BIT_CONVERSION = YES;
				GCC_WARN_ABOUT_RETURN_TYPE = YES_ERROR;
				GCC_WARN_UNDECLARED_SELECTOR = YES;
				GCC_WARN_UNINITIALIZED_AUTOS = YES_AGGRESSIVE;
				GCC_WARN_UNUSED_FUNCTION = YES;
				GCC_WARN_UNUSED_VARIABLE = YES;
				IPHONEOS_DEPLOYMENT_TARGET = 9.3;
				MTL_ENABLE_DEBUG_INFO = YES;
				ONLY_ACTIVE_ARCH = YES;
				SDKROOT = iphoneos;
				SWIFT_OPTIMIZATION_LEVEL = "-Onone";
			};
			name = Debug;
		};
		2E174C671D3B53C3008D0213 /* Release */ = {
			isa = XCBuildConfiguration;
			buildSettings = {
				ALWAYS_SEARCH_USER_PATHS = NO;
				CLANG_ANALYZER_NONNULL = YES;
				CLANG_CXX_LANGUAGE_STANDARD = "gnu++0x";
				CLANG_CXX_LIBRARY = "libc++";
				CLANG_ENABLE_MODULES = YES;
				CLANG_ENABLE_OBJC_ARC = YES;
				CLANG_WARN_BOOL_CONVERSION = YES;
				CLANG_WARN_CONSTANT_CONVERSION = YES;
				CLANG_WARN_DIRECT_OBJC_ISA_USAGE = YES_ERROR;
				CLANG_WARN_EMPTY_BODY = YES;
				CLANG_WARN_ENUM_CONVERSION = YES;
				CLANG_WARN_INT_CONVERSION = YES;
				CLANG_WARN_OBJC_ROOT_CLASS = YES_ERROR;
				CLANG_WARN_UNREACHABLE_CODE = YES;
				CLANG_WARN__DUPLICATE_METHOD_MATCH = YES;
				"CODE_SIGN_IDENTITY[sdk=iphoneos*]" = "iPhone Developer";
				COPY_PHASE_STRIP = NO;
				DEBUG_INFORMATION_FORMAT = "dwarf-with-dsym";
				ENABLE_NS_ASSERTIONS = NO;
				ENABLE_STRICT_OBJC_MSGSEND = YES;
				GCC_C_LANGUAGE_STANDARD = gnu99;
				GCC_NO_COMMON_BLOCKS = YES;
				GCC_WARN_64_TO_32_BIT_CONVERSION = YES;
				GCC_WARN_ABOUT_RETURN_TYPE = YES_ERROR;
				GCC_WARN_UNDECLARED_SELECTOR = YES;
				GCC_WARN_UNINITIALIZED_AUTOS = YES_AGGRESSIVE;
				GCC_WARN_UNUSED_FUNCTION = YES;
				GCC_WARN_UNUSED_VARIABLE = YES;
				IPHONEOS_DEPLOYMENT_TARGET = 9.3;
				MTL_ENABLE_DEBUG_INFO = NO;
				SDKROOT = iphoneos;
				VALIDATE_PRODUCT = YES;
			};
			name = Release;
		};
		2E174C691D3B53C3008D0213 /* Debug */ = {
			isa = XCBuildConfiguration;
			baseConfigurationReference = 52B36C4CD9BB87387C98715A /* Pods-SWEasyLife.debug.xcconfig */;
			buildSettings = {
				ASSETCATALOG_COMPILER_APPICON_NAME = AppIcon;
				ENABLE_BITCODE = YES;
				INFOPLIST_FILE = SWEasyLife/Info.plist;
				IPHONEOS_DEPLOYMENT_TARGET = 8.0;
				LD_RUNPATH_SEARCH_PATHS = "$(inherited) @executable_path/Frameworks";
				PRODUCT_BUNDLE_IDENTIFIER = com.FeiFan.SWEasyLife;
				PRODUCT_NAME = "$(TARGET_NAME)";
				SWIFT_OBJC_BRIDGING_HEADER = SWEasyLife/SWEasyLifeHeader.h;
			};
			name = Debug;
		};
		2E174C6A1D3B53C3008D0213 /* Release */ = {
			isa = XCBuildConfiguration;
			baseConfigurationReference = 06882DCEED35796C715295FF /* Pods-SWEasyLife.release.xcconfig */;
			buildSettings = {
				ASSETCATALOG_COMPILER_APPICON_NAME = AppIcon;
				ENABLE_BITCODE = YES;
				INFOPLIST_FILE = SWEasyLife/Info.plist;
				IPHONEOS_DEPLOYMENT_TARGET = 8.0;
				LD_RUNPATH_SEARCH_PATHS = "$(inherited) @executable_path/Frameworks";
				PRODUCT_BUNDLE_IDENTIFIER = com.FeiFan.SWEasyLife;
				PRODUCT_NAME = "$(TARGET_NAME)";
				SWIFT_OBJC_BRIDGING_HEADER = SWEasyLife/SWEasyLifeHeader.h;
			};
			name = Release;
		};
/* End XCBuildConfiguration section */

/* Begin XCConfigurationList section */
		2E174C511D3B53C2008D0213 /* Build configuration list for PBXProject "SWEasyLife" */ = {
			isa = XCConfigurationList;
			buildConfigurations = (
				2E174C661D3B53C3008D0213 /* Debug */,
				2E174C671D3B53C3008D0213 /* Release */,
			);
			defaultConfigurationIsVisible = 0;
			defaultConfigurationName = Release;
		};
		2E174C681D3B53C3008D0213 /* Build configuration list for PBXNativeTarget "SWEasyLife" */ = {
			isa = XCConfigurationList;
			buildConfigurations = (
				2E174C691D3B53C3008D0213 /* Debug */,
				2E174C6A1D3B53C3008D0213 /* Release */,
			);
			defaultConfigurationIsVisible = 0;
			defaultConfigurationName = Release;
		};
/* End XCConfigurationList section */
	};
	rootObject = 2E174C4E1D3B53C2008D0213 /* Project object */;
}
